// !$*UTF8*$!
{
	archiveVersion = 1;
	classes = {
	};
	objectVersion = 44;
	objects = {

/* Begin PBXBuildFile section */
		8D11072B0486CEB800E47090 /* InfoPlist.strings in Resources */ = {isa = PBXBuildFile; fileRef = 089C165CFE840E0CC02AAC07 /* InfoPlist.strings */; };
		8D11072D0486CEB800E47090 /* main.m in Sources */ = {isa = PBXBuildFile; fileRef = 29B97316FDCFA39411CA2CEA /* main.m */; settings = {ATTRIBUTES = (); }; };
		8D11072F0486CEB800E47090 /* Cocoa.framework in Frameworks */ = {isa = PBXBuildFile; fileRef = 1058C7A1FEA54F0111CA2CBB /* Cocoa.framework */; };
		E900C14F0D5EAB160071837C /* NTLNMessageListViewsController.m in Sources */ = {isa = PBXBuildFile; fileRef = E900C14E0D5EAB160071837C /* NTLNMessageListViewsController.m */; };
		E90B0F310DE1A4A4008CC765 /* friends.tiff in Resources */ = {isa = PBXBuildFile; fileRef = E90B0F300DE1A4A4008CC765 /* friends.tiff */; };
		E90B0F360DE1A4B9008CC765 /* sent.tiff in Resources */ = {isa = PBXBuildFile; fileRef = E90B0F330DE1A4B9008CC765 /* sent.tiff */; };
		E90B0F370DE1A4B9008CC765 /* unread.tiff in Resources */ = {isa = PBXBuildFile; fileRef = E90B0F340DE1A4B9008CC765 /* unread.tiff */; };
		E90F0B400D2E8E190067A9CA /* NTLNConfiguration.m in Sources */ = {isa = PBXBuildFile; fileRef = E90F0B3F0D2E8E190067A9CA /* NTLNConfiguration.m */; };
		E915200F0D16D3B7008D6992 /* NTLNPreferencesWindowController.m in Sources */ = {isa = PBXBuildFile; fileRef = E915200E0D16D3B7008D6992 /* NTLNPreferencesWindowController.m */; };
		E9160B770D11B1B700C9EEFF /* NTLNAsyncUrlConnection.m in Sources */ = {isa = PBXBuildFile; fileRef = E9160B760D11B1B700C9EEFF /* NTLNAsyncUrlConnection.m */; };
		E9160BBE0D11D2EB00C9EEFF /* Twitter.m in Sources */ = {isa = PBXBuildFile; fileRef = E9160BBD0D11D2EB00C9EEFF /* Twitter.m */; };
		E9160BC80D11F4F500C9EEFF /* NTLNIconRepository.m in Sources */ = {isa = PBXBuildFile; fileRef = E9160BC70D11F4F500C9EEFF /* NTLNIconRepository.m */; };
		E916EEDB0D95381A00EA04C7 /* NTLNUser.m in Sources */ = {isa = PBXBuildFile; fileRef = E916EEDA0D95381A00EA04C7 /* NTLNUser.m */; };
		E916EF7C0D96AE8600EA04C7 /* NatsuLion.icns in Resources */ = {isa = PBXBuildFile; fileRef = E916EF7B0D96AE8600EA04C7 /* NatsuLion.icns */; };
		E91B3DAD0D13F3B5007C9762 /* NTLNMainWindowController.m in Sources */ = {isa = PBXBuildFile; fileRef = E91B3DAC0D13F3B5007C9762 /* NTLNMainWindowController.m */; };
		E91B3DB60D13F593007C9762 /* NTLNCustomViewCell.m in Sources */ = {isa = PBXBuildFile; fileRef = E91B3DB50D13F593007C9762 /* NTLNCustomViewCell.m */; };
		E920C36E0D6A1ACC00A813EB /* CTBadge.m in Sources */ = {isa = PBXBuildFile; fileRef = E920C36D0D6A1ACC00A813EB /* CTBadge.m */; };
		E93467030D32DF6400F779CB /* NTLNUIUtils.m in Sources */ = {isa = PBXBuildFile; fileRef = E93467020D32DF6400F779CB /* NTLNUIUtils.m */; };
		E93467130D32EDB800F779CB /* TwitterStatusViewTimestampField.m in Sources */ = {isa = PBXBuildFile; fileRef = E93467120D32EDB800F779CB /* TwitterStatusViewTimestampField.m */; };
		E93467160D32EE7D00F779CB /* NTLNMessageViewClickableTextField.m in Sources */ = {isa = PBXBuildFile; fileRef = E93467150D32EE7D00F779CB /* NTLNMessageViewClickableTextField.m */; };
		E93F7BE80D27DC6B00366600 /* TwitterStatusViewMessageField.m in Sources */ = {isa = PBXBuildFile; fileRef = E93F7BE70D27DC6B00366600 /* TwitterStatusViewMessageField.m */; };
		E94B13CF0D6AA6C700F80617 /* CTGradient.m in Sources */ = {isa = PBXBuildFile; fileRef = E94B13CE0D6AA6C700F80617 /* CTGradient.m */; };
		E94CC0D10DD8C8B100D8711D /* NTLNKeywordFilterView.m in Sources */ = {isa = PBXBuildFile; fileRef = E94CC0D00DD8C8B100D8711D /* NTLNKeywordFilterView.m */; };
		E95D34FB0D2F3F6700EA6958 /* NTLNColors.m in Sources */ = {isa = PBXBuildFile; fileRef = E95D34FA0D2F3F6700EA6958 /* NTLNColors.m */; };
		E9614CE10D27BC75009743CE /* NTLNURLUtils.m in Sources */ = {isa = PBXBuildFile; fileRef = E9614CE00D27BC75009743CE /* NTLNURLUtils.m */; };
		E9614D130D27BEA4009743CE /* NTLNURLUtils.m in Sources */ = {isa = PBXBuildFile; fileRef = E9614CE00D27BC75009743CE /* NTLNURLUtils.m */; };
		E9614D140D27BEBA009743CE /* NTLNURLUtilsTest.m in Sources */ = {isa = PBXBuildFile; fileRef = E9614CDC0D27BADC009743CE /* NTLNURLUtilsTest.m */; };
		E96C36210D2A6EA300CED33F /* Security.framework in Frameworks */ = {isa = PBXBuildFile; fileRef = E96C36200D2A6EA300CED33F /* Security.framework */; };
		E96C362C0D2A71BA00CED33F /* NTLNKeyChain.m in Sources */ = {isa = PBXBuildFile; fileRef = E96C362B0D2A71BA00CED33F /* NTLNKeyChain.m */; };
		E96C36930D2A83E300CED33F /* NTLNAccount.m in Sources */ = {isa = PBXBuildFile; fileRef = E96C36920D2A83E300CED33F /* NTLNAccount.m */; };
		E96C36AD0D2A8C3700CED33F /* NTLNWelcomeWindowController.m in Sources */ = {isa = PBXBuildFile; fileRef = E96C36AC0D2A8C3700CED33F /* NTLNWelcomeWindowController.m */; };
		E976152B0D9FDE10007893CC /* Crypto.m in Sources */ = {isa = PBXBuildFile; fileRef = E976152A0D9FDE10007893CC /* Crypto.m */; };
		E97DF2AE0D5F5233002AA043 /* NTLNMultiTasksProgressIndicator.m in Sources */ = {isa = PBXBuildFile; fileRef = E97DF2AD0D5F5233002AA043 /* NTLNMultiTasksProgressIndicator.m */; };
		E98B093C0D2172B90002A75E /* NTLNGrowlNotifier.m in Sources */ = {isa = PBXBuildFile; fileRef = E98B093B0D2172B90002A75E /* NTLNGrowlNotifier.m */; };
		E991C5C40D2AA88E00F410B6 /* UserDefaults.plist in Resources */ = {isa = PBXBuildFile; fileRef = E991C5C30D2AA88E00F410B6 /* UserDefaults.plist */; };
		E991C6650D2AC7FC00F410B6 /* NTLNErrorMessageViewController.m in Sources */ = {isa = PBXBuildFile; fileRef = E991C6640D2AC7FC00F410B6 /* NTLNErrorMessageViewController.m */; };
		E991C6670D2AC8DF00F410B6 /* ErrorMessageView.nib in Resources */ = {isa = PBXBuildFile; fileRef = E991C6660D2AC8DF00F410B6 /* ErrorMessageView.nib */; };
		E991C6BA0D2AE7AE00F410B6 /* NTLNMessageViewTextField.m in Sources */ = {isa = PBXBuildFile; fileRef = E991C6B90D2AE7AE00F410B6 /* NTLNMessageViewTextField.m */; };
		E991C6BD0D2AE9A300F410B6 /* NTLNMessageViewTimestampField.m in Sources */ = {isa = PBXBuildFile; fileRef = E991C6BC0D2AE9A300F410B6 /* NTLNMessageViewTimestampField.m */; };
		E99332F30D8FF1A900CDE7C4 /* MainMenu.nib.strings in Resources */ = {isa = PBXBuildFile; fileRef = E99332F10D8FF1A900CDE7C4 /* MainMenu.nib.strings */; };
		E993333B0D901CA600CDE7C4 /* Welcome.nib in Resources */ = {isa = PBXBuildFile; fileRef = E993333A0D901CA600CDE7C4 /* Welcome.nib */; };
		E99408070DEF43FD0009A365 /* NTLNSegmentedCell.m in Sources */ = {isa = PBXBuildFile; fileRef = E99408060DEF43FD0009A365 /* NTLNSegmentedCell.m */; };
		E99408300DEF456A0009A365 /* friends-highlighted.tiff in Resources */ = {isa = PBXBuildFile; fileRef = E99408280DEF456A0009A365 /* friends-highlighted.tiff */; };
		E99408330DEF456A0009A365 /* sent-highlighted.tiff in Resources */ = {isa = PBXBuildFile; fileRef = E994082B0DEF456A0009A365 /* sent-highlighted.tiff */; };
		E99408340DEF456A0009A365 /* replies-highlighted.tiff in Resources */ = {isa = PBXBuildFile; fileRef = E994082C0DEF456A0009A365 /* replies-highlighted.tiff */; };
		E99408350DEF456A0009A365 /* unread-highlighted.tiff in Resources */ = {isa = PBXBuildFile; fileRef = E994082D0DEF456A0009A365 /* unread-highlighted.tiff */; };
		E99408610DEF4BA50009A365 /* replies.tiff in Resources */ = {isa = PBXBuildFile; fileRef = E99408600DEF4BA50009A365 /* replies.tiff */; };
		E996326B0D1E5D2400860515 /* NTLNMessage.m in Sources */ = {isa = PBXBuildFile; fileRef = E996326A0D1E5D2400860515 /* NTLNMessage.m */; };
		E9A411290D29904F003BFA9F /* NTLNAppController.m in Sources */ = {isa = PBXBuildFile; fileRef = E9A411280D29904F003BFA9F /* NTLNAppController.m */; };
		E9A8A7400D79328E008567CC /* CTBadge_1.pdf in Resources */ = {isa = PBXBuildFile; fileRef = E9A8A7380D79328D008567CC /* CTBadge_1.pdf */; };
		E9A8A7410D79328E008567CC /* CTBadge_3.pdf in Resources */ = {isa = PBXBuildFile; fileRef = E9A8A7390D79328D008567CC /* CTBadge_3.pdf */; };
		E9A8A7420D79328E008567CC /* CTBadge_4.pdf in Resources */ = {isa = PBXBuildFile; fileRef = E9A8A73A0D79328D008567CC /* CTBadge_4.pdf */; };
		E9A8A7430D79328E008567CC /* CTBadge_5.pdf in Resources */ = {isa = PBXBuildFile; fileRef = E9A8A73B0D79328D008567CC /* CTBadge_5.pdf */; };
		E9A8A7440D79328E008567CC /* new-dark.tiff in Resources */ = {isa = PBXBuildFile; fileRef = E9A8A73C0D79328D008567CC /* new-dark.tiff */; };
		E9A8A7450D79328E008567CC /* new-light.tiff in Resources */ = {isa = PBXBuildFile; fileRef = E9A8A73D0D79328D008567CC /* new-light.tiff */; };
		E9A8A74F0D793478008567CC /* star-normal.tiff in Resources */ = {isa = PBXBuildFile; fileRef = E9A8A74D0D793478008567CC /* star-normal.tiff */; };
		E9A8A7500D793478008567CC /* star-highlighted.tiff in Resources */ = {isa = PBXBuildFile; fileRef = E9A8A74E0D793478008567CC /* star-highlighted.tiff */; };
		E9B832D50D58D67F000F6E1C /* Growl.framework in Frameworks */ = {isa = PBXBuildFile; fileRef = E9B832D40D58D67F000F6E1C /* Growl.framework */; };
		E9B832D90D58D688000F6E1C /* Sparkle.framework in Frameworks */ = {isa = PBXBuildFile; fileRef = E9B832D80D58D688000F6E1C /* Sparkle.framework */; };
		E9B832DC0D58D6D1000F6E1C /* Growl.framework in CopyFiles */ = {isa = PBXBuildFile; fileRef = E9B832D40D58D67F000F6E1C /* Growl.framework */; };
		E9B832DD0D58D6D6000F6E1C /* Sparkle.framework in CopyFiles */ = {isa = PBXBuildFile; fileRef = E9B832D80D58D688000F6E1C /* Sparkle.framework */; };
		E9B832F60D58E830000F6E1C /* MessageTableView.nib in Resources */ = {isa = PBXBuildFile; fileRef = E9B832F50D58E830000F6E1C /* MessageTableView.nib */; };
		E9BFD5960D183E630024C8B4 /* MainMenu.nib in Resources */ = {isa = PBXBuildFile; fileRef = E9BFD5950D183E630024C8B4 /* MainMenu.nib */; };
		E9BFD5E20D1852F50024C8B4 /* TwitterStatusViewController.m in Sources */ = {isa = PBXBuildFile; fileRef = E9BFD5E10D1852F50024C8B4 /* TwitterStatusViewController.m */; };
		E9BFD6130D1854270024C8B4 /* TwitterStatusViewNameField.m in Sources */ = {isa = PBXBuildFile; fileRef = E9BFD6120D1854270024C8B4 /* TwitterStatusViewNameField.m */; };
		E9BFD61E0D1857320024C8B4 /* TwitterStatusViewImageView.m in Sources */ = {isa = PBXBuildFile; fileRef = E9BFD61D0D1857320024C8B4 /* TwitterStatusViewImageView.m */; };
		E9CE391F0D145DB700D14D9F /* NTLNMessageTableViewController.m in Sources */ = {isa = PBXBuildFile; fileRef = E9CE391E0D145DB700D14D9F /* NTLNMessageTableViewController.m */; };
		E9D23B710D8EF5BD006191EE /* Localizable.strings in Resources */ = {isa = PBXBuildFile; fileRef = E9D23B6F0D8EF5BD006191EE /* Localizable.strings */; };
		E9D5B1EB0D5633CB0000456F /* NTLNMessageViewController.m in Sources */ = {isa = PBXBuildFile; fileRef = E9D5B1EA0D5633CB0000456F /* NTLNMessageViewController.m */; };
		E9DC0FD20D3D226A00CC6D41 /* TwitterTestStub.m in Sources */ = {isa = PBXBuildFile; fileRef = E9DC0FD10D3D226A00CC6D41 /* TwitterTestStub.m */; };
		E9E2ACE00D22EB21008561C2 /* TwitterStatusView.m in Sources */ = {isa = PBXBuildFile; fileRef = E9E2ACDF0D22EB21008561C2 /* TwitterStatusView.m */; };
		E9E5BF9F0D28988800F34B9B /* NTLNXMLHTTPEncoder.m in Sources */ = {isa = PBXBuildFile; fileRef = E9E5BF9E0D28988800F34B9B /* NTLNXMLHTTPEncoder.m */; };
		E9E5BFA20D2898D200F34B9B /* NTLNXMLHTTPEncoderTest.m in Sources */ = {isa = PBXBuildFile; fileRef = E9E5BFA10D2898D200F34B9B /* NTLNXMLHTTPEncoderTest.m */; };
		E9E5BFA30D2898F300F34B9B /* NTLNXMLHTTPEncoder.m in Sources */ = {isa = PBXBuildFile; fileRef = E9E5BF9E0D28988800F34B9B /* NTLNXMLHTTPEncoder.m */; };
		E9E5C0930D28BCBB00F34B9B /* TwitterUtils.m in Sources */ = {isa = PBXBuildFile; fileRef = E9E5C0920D28BCBB00F34B9B /* TwitterUtils.m */; };
		E9F1DB480D13EE910072CE81 /* TwitterStatusView.nib in Resources */ = {isa = PBXBuildFile; fileRef = E9F1DB470D13EE910072CE81 /* TwitterStatusView.nib */; };
		E9F960930D25D03A007829C4 /* NTLNMessageInputTextField.m in Sources */ = {isa = PBXBuildFile; fileRef = E9F960920D25D03A007829C4 /* NTLNMessageInputTextField.m */; };
		E9FE91670D81527C0012136E /* NTLNBufferedMessageNotifier.m in Sources */ = {isa = PBXBuildFile; fileRef = E9FE91660D81527C0012136E /* NTLNBufferedMessageNotifier.m */; };
/* End PBXBuildFile section */

/* Begin PBXCopyFilesBuildPhase section */
		E922CD480D2158D800F3D411 /* CopyFiles */ = {
			isa = PBXCopyFilesBuildPhase;
			buildActionMask = 12;
			dstPath = "";
			dstSubfolderSpec = 10;
			files = (
				E9B832DC0D58D6D1000F6E1C /* Growl.framework in CopyFiles */,
			);
			runOnlyForDeploymentPostprocessing = 0;
		};
		E9F961720D262301007829C4 /* CopyFiles */ = {
			isa = PBXCopyFilesBuildPhase;
			buildActionMask = 2147483647;
			dstPath = "";
			dstSubfolderSpec = 10;
			files = (
				E9B832DD0D58D6D6000F6E1C /* Sparkle.framework in CopyFiles */,
			);
			runOnlyForDeploymentPostprocessing = 0;
		};
/* End PBXCopyFilesBuildPhase section */

/* Begin PBXFileReference section */
		089C165DFE840E0CC02AAC07 /* English */ = {isa = PBXFileReference; fileEncoding = 10; lastKnownFileType = text.plist.strings; name = English; path = English.lproj/InfoPlist.strings; sourceTree = "<group>"; };
		1058C7A1FEA54F0111CA2CBB /* Cocoa.framework */ = {isa = PBXFileReference; lastKnownFileType = wrapper.framework; name = Cocoa.framework; path = /System/Library/Frameworks/Cocoa.framework; sourceTree = "<absolute>"; };
		13E42FB307B3F0F600E4EEF1 /* CoreData.framework */ = {isa = PBXFileReference; lastKnownFileType = wrapper.framework; name = CoreData.framework; path = /System/Library/Frameworks/CoreData.framework; sourceTree = "<absolute>"; };
		29B97316FDCFA39411CA2CEA /* main.m */ = {isa = PBXFileReference; fileEncoding = 4; lastKnownFileType = sourcecode.c.objc; path = main.m; sourceTree = "<group>"; };
		29B97324FDCFA39411CA2CEA /* AppKit.framework */ = {isa = PBXFileReference; lastKnownFileType = wrapper.framework; name = AppKit.framework; path = /System/Library/Frameworks/AppKit.framework; sourceTree = "<absolute>"; };
		29B97325FDCFA39411CA2CEA /* Foundation.framework */ = {isa = PBXFileReference; lastKnownFileType = wrapper.framework; name = Foundation.framework; path = /System/Library/Frameworks/Foundation.framework; sourceTree = "<absolute>"; };
		32CA4F630368D1EE00C91783 /* NatsuLion_Prefix.pch */ = {isa = PBXFileReference; fileEncoding = 4; lastKnownFileType = sourcecode.c.h; path = NatsuLion_Prefix.pch; sourceTree = "<group>"; };
		8D1107310486CEB800E47090 /* Info.plist */ = {isa = PBXFileReference; fileEncoding = 4; lastKnownFileType = text.plist.xml; path = Info.plist; sourceTree = "<group>"; };
		8D1107320486CEB800E47090 /* NatsuLion.app */ = {isa = PBXFileReference; explicitFileType = wrapper.application; includeInIndex = 0; path = NatsuLion.app; sourceTree = BUILT_PRODUCTS_DIR; };
		E900C14D0D5EAB160071837C /* NTLNMessageListViewsController.h */ = {isa = PBXFileReference; fileEncoding = 4; lastKnownFileType = sourcecode.c.h; path = NTLNMessageListViewsController.h; sourceTree = "<group>"; };
		E900C14E0D5EAB160071837C /* NTLNMessageListViewsController.m */ = {isa = PBXFileReference; fileEncoding = 4; lastKnownFileType = sourcecode.c.objc; path = NTLNMessageListViewsController.m; sourceTree = "<group>"; };
		E90B0F300DE1A4A4008CC765 /* friends.tiff */ = {isa = PBXFileReference; lastKnownFileType = image.tiff; path = friends.tiff; sourceTree = "<group>"; };
		E90B0F330DE1A4B9008CC765 /* sent.tiff */ = {isa = PBXFileReference; lastKnownFileType = image.tiff; path = sent.tiff; sourceTree = "<group>"; };
		E90B0F340DE1A4B9008CC765 /* unread.tiff */ = {isa = PBXFileReference; lastKnownFileType = image.tiff; path = unread.tiff; sourceTree = "<group>"; };
		E90F0B3E0D2E8E190067A9CA /* NTLNConfiguration.h */ = {isa = PBXFileReference; fileEncoding = 4; lastKnownFileType = sourcecode.c.h; path = NTLNConfiguration.h; sourceTree = "<group>"; };
		E90F0B3F0D2E8E190067A9CA /* NTLNConfiguration.m */ = {isa = PBXFileReference; fileEncoding = 4; lastKnownFileType = sourcecode.c.objc; path = NTLNConfiguration.m; sourceTree = "<group>"; };
		E915200D0D16D3B7008D6992 /* NTLNPreferencesWindowController.h */ = {isa = PBXFileReference; fileEncoding = 4; lastKnownFileType = sourcecode.c.h; path = NTLNPreferencesWindowController.h; sourceTree = "<group>"; };
		E915200E0D16D3B7008D6992 /* NTLNPreferencesWindowController.m */ = {isa = PBXFileReference; fileEncoding = 4; lastKnownFileType = sourcecode.c.objc; path = NTLNPreferencesWindowController.m; sourceTree = "<group>"; };
		E9160B750D11B1B700C9EEFF /* NTLNAsyncUrlConnection.h */ = {isa = PBXFileReference; fileEncoding = 4; lastKnownFileType = sourcecode.c.h; path = NTLNAsyncUrlConnection.h; sourceTree = "<group>"; };
		E9160B760D11B1B700C9EEFF /* NTLNAsyncUrlConnection.m */ = {isa = PBXFileReference; fileEncoding = 4; lastKnownFileType = sourcecode.c.objc; path = NTLNAsyncUrlConnection.m; sourceTree = "<group>"; };
		E9160BBC0D11D2EB00C9EEFF /* Twitter.h */ = {isa = PBXFileReference; fileEncoding = 4; lastKnownFileType = sourcecode.c.h; path = Twitter.h; sourceTree = "<group>"; };
		E9160BBD0D11D2EB00C9EEFF /* Twitter.m */ = {isa = PBXFileReference; fileEncoding = 4; lastKnownFileType = sourcecode.c.objc; path = Twitter.m; sourceTree = "<group>"; };
		E9160BC60D11F4F500C9EEFF /* NTLNIconRepository.h */ = {isa = PBXFileReference; fileEncoding = 4; lastKnownFileType = sourcecode.c.h; name = NTLNIconRepository.h; path = Twitter/NTLNIconRepository.h; sourceTree = "<group>"; };
		E9160BC70D11F4F500C9EEFF /* NTLNIconRepository.m */ = {isa = PBXFileReference; fileEncoding = 4; lastKnownFileType = sourcecode.c.objc; name = NTLNIconRepository.m; path = Twitter/NTLNIconRepository.m; sourceTree = "<group>"; };
		E916EED90D95381A00EA04C7 /* NTLNUser.h */ = {isa = PBXFileReference; fileEncoding = 4; lastKnownFileType = sourcecode.c.h; path = NTLNUser.h; sourceTree = "<group>"; };
		E916EEDA0D95381A00EA04C7 /* NTLNUser.m */ = {isa = PBXFileReference; fileEncoding = 4; lastKnownFileType = sourcecode.c.objc; path = NTLNUser.m; sourceTree = "<group>"; };
		E916EF7B0D96AE8600EA04C7 /* NatsuLion.icns */ = {isa = PBXFileReference; lastKnownFileType = image.icns; name = NatsuLion.icns; path = Resources/NatsuLion.icns; sourceTree = "<group>"; };
		E91B3DAB0D13F3B5007C9762 /* NTLNMainWindowController.h */ = {isa = PBXFileReference; fileEncoding = 4; lastKnownFileType = sourcecode.c.h; path = NTLNMainWindowController.h; sourceTree = "<group>"; };
		E91B3DAC0D13F3B5007C9762 /* NTLNMainWindowController.m */ = {isa = PBXFileReference; explicitFileType = sourcecode.c.objc; fileEncoding = 4; path = NTLNMainWindowController.m; sourceTree = "<group>"; };
		E91B3DB40D13F593007C9762 /* NTLNCustomViewCell.h */ = {isa = PBXFileReference; fileEncoding = 4; lastKnownFileType = sourcecode.c.h; path = NTLNCustomViewCell.h; sourceTree = "<group>"; };
		E91B3DB50D13F593007C9762 /* NTLNCustomViewCell.m */ = {isa = PBXFileReference; fileEncoding = 4; lastKnownFileType = sourcecode.c.objc; path = NTLNCustomViewCell.m; sourceTree = "<group>"; };
		E920C36C0D6A1ACC00A813EB /* CTBadge.h */ = {isa = PBXFileReference; fileEncoding = 4; lastKnownFileType = sourcecode.c.h; path = CTBadge.h; sourceTree = "<group>"; };
		E920C36D0D6A1ACC00A813EB /* CTBadge.m */ = {isa = PBXFileReference; fileEncoding = 4; lastKnownFileType = sourcecode.c.objc; path = CTBadge.m; sourceTree = "<group>"; };
		E93467010D32DF6400F779CB /* NTLNUIUtils.h */ = {isa = PBXFileReference; fileEncoding = 4; lastKnownFileType = sourcecode.c.h; path = NTLNUIUtils.h; sourceTree = "<group>"; };
		E93467020D32DF6400F779CB /* NTLNUIUtils.m */ = {isa = PBXFileReference; fileEncoding = 4; lastKnownFileType = sourcecode.c.objc; path = NTLNUIUtils.m; sourceTree = "<group>"; };
		E93467110D32EDB800F779CB /* TwitterStatusViewTimestampField.h */ = {isa = PBXFileReference; fileEncoding = 4; lastKnownFileType = sourcecode.c.h; path = TwitterStatusViewTimestampField.h; sourceTree = "<group>"; };
		E93467120D32EDB800F779CB /* TwitterStatusViewTimestampField.m */ = {isa = PBXFileReference; fileEncoding = 4; lastKnownFileType = sourcecode.c.objc; path = TwitterStatusViewTimestampField.m; sourceTree = "<group>"; };
		E93467140D32EE7D00F779CB /* NTLNMessageViewClickableTextField.h */ = {isa = PBXFileReference; fileEncoding = 4; lastKnownFileType = sourcecode.c.h; path = NTLNMessageViewClickableTextField.h; sourceTree = "<group>"; };
		E93467150D32EE7D00F779CB /* NTLNMessageViewClickableTextField.m */ = {isa = PBXFileReference; fileEncoding = 4; lastKnownFileType = sourcecode.c.objc; path = NTLNMessageViewClickableTextField.m; sourceTree = "<group>"; };
		E93F7BE60D27DC6B00366600 /* TwitterStatusViewMessageField.h */ = {isa = PBXFileReference; fileEncoding = 4; lastKnownFileType = sourcecode.c.h; path = TwitterStatusViewMessageField.h; sourceTree = "<group>"; };
		E93F7BE70D27DC6B00366600 /* TwitterStatusViewMessageField.m */ = {isa = PBXFileReference; fileEncoding = 4; lastKnownFileType = sourcecode.c.objc; path = TwitterStatusViewMessageField.m; sourceTree = "<group>"; };
		E94B13CD0D6AA6C700F80617 /* CTGradient.h */ = {isa = PBXFileReference; fileEncoding = 4; lastKnownFileType = sourcecode.c.h; path = CTGradient.h; sourceTree = "<group>"; };
		E94B13CE0D6AA6C700F80617 /* CTGradient.m */ = {isa = PBXFileReference; fileEncoding = 4; lastKnownFileType = sourcecode.c.objc; path = CTGradient.m; sourceTree = "<group>"; };
		E94CC0CF0DD8C8B100D8711D /* NTLNKeywordFilterView.h */ = {isa = PBXFileReference; fileEncoding = 4; lastKnownFileType = sourcecode.c.h; path = NTLNKeywordFilterView.h; sourceTree = "<group>"; };
		E94CC0D00DD8C8B100D8711D /* NTLNKeywordFilterView.m */ = {isa = PBXFileReference; fileEncoding = 4; lastKnownFileType = sourcecode.c.objc; path = NTLNKeywordFilterView.m; sourceTree = "<group>"; };
		E95D34F90D2F3F6700EA6958 /* NTLNColors.h */ = {isa = PBXFileReference; fileEncoding = 4; lastKnownFileType = sourcecode.c.h; path = NTLNColors.h; sourceTree = "<group>"; };
		E95D34FA0D2F3F6700EA6958 /* NTLNColors.m */ = {isa = PBXFileReference; fileEncoding = 4; lastKnownFileType = sourcecode.c.objc; path = NTLNColors.m; sourceTree = "<group>"; };
		E9614CDB0D27BADC009743CE /* NTLNURLUtilsTest.h */ = {isa = PBXFileReference; fileEncoding = 4; lastKnownFileType = sourcecode.c.h; path = NTLNURLUtilsTest.h; sourceTree = "<group>"; };
		E9614CDC0D27BADC009743CE /* NTLNURLUtilsTest.m */ = {isa = PBXFileReference; fileEncoding = 4; lastKnownFileType = sourcecode.c.objc; path = NTLNURLUtilsTest.m; sourceTree = "<group>"; };
		E9614CE00D27BC75009743CE /* NTLNURLUtils.m */ = {isa = PBXFileReference; fileEncoding = 4; lastKnownFileType = sourcecode.c.objc; path = NTLNURLUtils.m; sourceTree = "<group>"; };
		E9614CE70D27BCBB009743CE /* Test.octest */ = {isa = PBXFileReference; explicitFileType = wrapper.cfbundle; includeInIndex = 0; path = Test.octest; sourceTree = BUILT_PRODUCTS_DIR; };
		E9614CE80D27BCBB009743CE /* Test-Info.plist */ = {isa = PBXFileReference; lastKnownFileType = text.plist.xml; path = "Test-Info.plist"; sourceTree = "<group>"; };
		E96801F30D2748DB0048A163 /* Japanese */ = {isa = PBXFileReference; lastKnownFileType = text.plist.strings; name = Japanese; path = Japanese.lproj/InfoPlist.strings; sourceTree = "<group>"; };
		E96C36200D2A6EA300CED33F /* Security.framework */ = {isa = PBXFileReference; lastKnownFileType = wrapper.framework; name = Security.framework; path = /System/Library/Frameworks/Security.framework; sourceTree = "<absolute>"; };
		E96C362A0D2A71BA00CED33F /* NTLNKeyChain.h */ = {isa = PBXFileReference; fileEncoding = 4; lastKnownFileType = sourcecode.c.h; path = NTLNKeyChain.h; sourceTree = "<group>"; };
		E96C362B0D2A71BA00CED33F /* NTLNKeyChain.m */ = {isa = PBXFileReference; fileEncoding = 4; lastKnownFileType = sourcecode.c.objc; path = NTLNKeyChain.m; sourceTree = "<group>"; };
		E96C36910D2A83E300CED33F /* NTLNAccount.h */ = {isa = PBXFileReference; fileEncoding = 4; lastKnownFileType = sourcecode.c.h; path = NTLNAccount.h; sourceTree = "<group>"; };
		E96C36920D2A83E300CED33F /* NTLNAccount.m */ = {isa = PBXFileReference; fileEncoding = 4; lastKnownFileType = sourcecode.c.objc; path = NTLNAccount.m; sourceTree = "<group>"; };
		E96C36A80D2A897800CED33F /* English */ = {isa = PBXFileReference; lastKnownFileType = wrapper.nib; name = English; path = English.lproj/Welcome.nib; sourceTree = "<group>"; };
		E96C36AB0D2A8C3700CED33F /* NTLNWelcomeWindowController.h */ = {isa = PBXFileReference; fileEncoding = 4; lastKnownFileType = sourcecode.c.h; path = NTLNWelcomeWindowController.h; sourceTree = "<group>"; };
		E96C36AC0D2A8C3700CED33F /* NTLNWelcomeWindowController.m */ = {isa = PBXFileReference; fileEncoding = 4; lastKnownFileType = sourcecode.c.objc; path = NTLNWelcomeWindowController.m; sourceTree = "<group>"; };
		E97615290D9FDE10007893CC /* Crypto.h */ = {isa = PBXFileReference; fileEncoding = 4; lastKnownFileType = sourcecode.c.h; path = Crypto.h; sourceTree = "<group>"; };
		E976152A0D9FDE10007893CC /* Crypto.m */ = {isa = PBXFileReference; fileEncoding = 4; lastKnownFileType = sourcecode.c.objc; path = Crypto.m; sourceTree = "<group>"; };
		E97DF2AC0D5F5233002AA043 /* NTLNMultiTasksProgressIndicator.h */ = {isa = PBXFileReference; fileEncoding = 4; lastKnownFileType = sourcecode.c.h; path = NTLNMultiTasksProgressIndicator.h; sourceTree = "<group>"; };
		E97DF2AD0D5F5233002AA043 /* NTLNMultiTasksProgressIndicator.m */ = {isa = PBXFileReference; fileEncoding = 4; lastKnownFileType = sourcecode.c.objc; path = NTLNMultiTasksProgressIndicator.m; sourceTree = "<group>"; };
		E98113C90D563B8A001E390C /* NTLNURLUtils.h */ = {isa = PBXFileReference; fileEncoding = 4; lastKnownFileType = sourcecode.c.h; path = NTLNURLUtils.h; sourceTree = "<group>"; };
		E98B093A0D2172B90002A75E /* NTLNGrowlNotifier.h */ = {isa = PBXFileReference; fileEncoding = 4; lastKnownFileType = sourcecode.c.h; path = NTLNGrowlNotifier.h; sourceTree = "<group>"; };
		E98B093B0D2172B90002A75E /* NTLNGrowlNotifier.m */ = {isa = PBXFileReference; fileEncoding = 4; lastKnownFileType = sourcecode.c.objc; path = NTLNGrowlNotifier.m; sourceTree = "<group>"; };
		E98B18610D75A076000F0FED /* NTLNNotification.h */ = {isa = PBXFileReference; fileEncoding = 4; lastKnownFileType = sourcecode.c.h; path = NTLNNotification.h; sourceTree = "<group>"; };
		E991C5C30D2AA88E00F410B6 /* UserDefaults.plist */ = {isa = PBXFileReference; fileEncoding = 4; lastKnownFileType = text.plist.xml; path = UserDefaults.plist; sourceTree = "<group>"; };
		E991C6630D2AC7FC00F410B6 /* NTLNErrorMessageViewController.h */ = {isa = PBXFileReference; fileEncoding = 4; lastKnownFileType = sourcecode.c.h; path = NTLNErrorMessageViewController.h; sourceTree = "<group>"; };
		E991C6640D2AC7FC00F410B6 /* NTLNErrorMessageViewController.m */ = {isa = PBXFileReference; fileEncoding = 4; lastKnownFileType = sourcecode.c.objc; path = NTLNErrorMessageViewController.m; sourceTree = "<group>"; };
		E991C6660D2AC8DF00F410B6 /* ErrorMessageView.nib */ = {isa = PBXFileReference; lastKnownFileType = wrapper.nib; path = ErrorMessageView.nib; sourceTree = "<group>"; };
		E991C66A0D2AE41100F410B6 /* NTLNMessageViewController.h */ = {isa = PBXFileReference; fileEncoding = 4; lastKnownFileType = sourcecode.c.h; name = NTLNMessageViewController.h; path = ../NTLNMessageViewController.h; sourceTree = "<group>"; };
		E991C6B70D2AE79D00F410B6 /* TwitterStatusViewNameField.h */ = {isa = PBXFileReference; fileEncoding = 4; lastKnownFileType = sourcecode.c.h; path = TwitterStatusViewNameField.h; sourceTree = "<group>"; };
		E991C6B90D2AE7AE00F410B6 /* NTLNMessageViewTextField.m */ = {isa = PBXFileReference; fileEncoding = 4; lastKnownFileType = sourcecode.c.objc; path = NTLNMessageViewTextField.m; sourceTree = "<group>"; };
		E991C6BB0D2AE9A300F410B6 /* NTLNMessageViewTimestampField.h */ = {isa = PBXFileReference; fileEncoding = 4; lastKnownFileType = sourcecode.c.h; path = NTLNMessageViewTimestampField.h; sourceTree = "<group>"; };
		E991C6BC0D2AE9A300F410B6 /* NTLNMessageViewTimestampField.m */ = {isa = PBXFileReference; fileEncoding = 4; lastKnownFileType = sourcecode.c.objc; path = NTLNMessageViewTimestampField.m; sourceTree = "<group>"; };
		E99332F20D8FF1A900CDE7C4 /* Japanese */ = {isa = PBXFileReference; fileEncoding = 4; lastKnownFileType = text.plist.strings; name = Japanese; path = Japanese.lproj/MainMenu.nib.strings; sourceTree = "<group>"; };
		E99408050DEF43FD0009A365 /* NTLNSegmentedCell.h */ = {isa = PBXFileReference; fileEncoding = 4; lastKnownFileType = sourcecode.c.h; path = NTLNSegmentedCell.h; sourceTree = "<group>"; };
		E99408060DEF43FD0009A365 /* NTLNSegmentedCell.m */ = {isa = PBXFileReference; fileEncoding = 4; lastKnownFileType = sourcecode.c.objc; path = NTLNSegmentedCell.m; sourceTree = "<group>"; };
		E99408280DEF456A0009A365 /* friends-highlighted.tiff */ = {isa = PBXFileReference; lastKnownFileType = image.tiff; path = "friends-highlighted.tiff"; sourceTree = "<group>"; };
		E994082B0DEF456A0009A365 /* sent-highlighted.tiff */ = {isa = PBXFileReference; lastKnownFileType = image.tiff; path = "sent-highlighted.tiff"; sourceTree = "<group>"; };
		E994082C0DEF456A0009A365 /* replies-highlighted.tiff */ = {isa = PBXFileReference; lastKnownFileType = image.tiff; path = "replies-highlighted.tiff"; sourceTree = "<group>"; };
		E994082D0DEF456A0009A365 /* unread-highlighted.tiff */ = {isa = PBXFileReference; lastKnownFileType = image.tiff; path = "unread-highlighted.tiff"; sourceTree = "<group>"; };
		E99408600DEF4BA50009A365 /* replies.tiff */ = {isa = PBXFileReference; lastKnownFileType = image.tiff; path = replies.tiff; sourceTree = "<group>"; };
		E99408640DEF4C760009A365 /* Japanese */ = {isa = PBXFileReference; lastKnownFileType = wrapper.nib; name = Japanese; path = Japanese.lproj/MainMenu.nib; sourceTree = "<group>"; };
		E99408740DEF4C7A0009A365 /* Japanese */ = {isa = PBXFileReference; lastKnownFileType = wrapper.nib; name = Japanese; path = Japanese.lproj/Welcome.nib; sourceTree = "<group>"; };
		E99632690D1E5D2400860515 /* NTLNMessage.h */ = {isa = PBXFileReference; fileEncoding = 4; lastKnownFileType = sourcecode.c.h; path = NTLNMessage.h; sourceTree = "<group>"; };
		E996326A0D1E5D2400860515 /* NTLNMessage.m */ = {isa = PBXFileReference; fileEncoding = 4; lastKnownFileType = sourcecode.c.objc; path = NTLNMessage.m; sourceTree = "<group>"; };
		E9A411270D29904F003BFA9F /* NTLNAppController.h */ = {isa = PBXFileReference; fileEncoding = 4; lastKnownFileType = sourcecode.c.h; path = NTLNAppController.h; sourceTree = "<group>"; };
		E9A411280D29904F003BFA9F /* NTLNAppController.m */ = {isa = PBXFileReference; fileEncoding = 4; lastKnownFileType = sourcecode.c.objc; path = NTLNAppController.m; sourceTree = "<group>"; };
		E9A8A7380D79328D008567CC /* CTBadge_1.pdf */ = {isa = PBXFileReference; lastKnownFileType = image.pdf; path = CTBadge_1.pdf; sourceTree = "<group>"; };
		E9A8A7390D79328D008567CC /* CTBadge_3.pdf */ = {isa = PBXFileReference; lastKnownFileType = image.pdf; path = CTBadge_3.pdf; sourceTree = "<group>"; };
		E9A8A73A0D79328D008567CC /* CTBadge_4.pdf */ = {isa = PBXFileReference; lastKnownFileType = image.pdf; path = CTBadge_4.pdf; sourceTree = "<group>"; };
		E9A8A73B0D79328D008567CC /* CTBadge_5.pdf */ = {isa = PBXFileReference; lastKnownFileType = image.pdf; path = CTBadge_5.pdf; sourceTree = "<group>"; };
		E9A8A73C0D79328D008567CC /* new-dark.tiff */ = {isa = PBXFileReference; lastKnownFileType = image.tiff; path = "new-dark.tiff"; sourceTree = "<group>"; };
		E9A8A73D0D79328D008567CC /* new-light.tiff */ = {isa = PBXFileReference; lastKnownFileType = image.tiff; path = "new-light.tiff"; sourceTree = "<group>"; };
		E9A8A74D0D793478008567CC /* star-normal.tiff */ = {isa = PBXFileReference; lastKnownFileType = image.tiff; path = "star-normal.tiff"; sourceTree = "<group>"; };
		E9A8A74E0D793478008567CC /* star-highlighted.tiff */ = {isa = PBXFileReference; lastKnownFileType = image.tiff; path = "star-highlighted.tiff"; sourceTree = "<group>"; };
		E9B832D40D58D67F000F6E1C /* Growl.framework */ = {isa = PBXFileReference; lastKnownFileType = wrapper.framework; name = Growl.framework; path = frameworks/Growl.framework; sourceTree = "<group>"; };
		E9B832D80D58D688000F6E1C /* Sparkle.framework */ = {isa = PBXFileReference; lastKnownFileType = wrapper.framework; name = Sparkle.framework; path = frameworks/Sparkle.framework; sourceTree = "<group>"; };
		E9B832F50D58E830000F6E1C /* MessageTableView.nib */ = {isa = PBXFileReference; lastKnownFileType = wrapper.nib; name = MessageTableView.nib; path = Resources/MessageTableView.nib; sourceTree = "<group>"; };
		E9BFD5E00D1852F50024C8B4 /* TwitterStatusViewController.h */ = {isa = PBXFileReference; fileEncoding = 4; lastKnownFileType = sourcecode.c.h; path = TwitterStatusViewController.h; sourceTree = "<group>"; };
		E9BFD5E10D1852F50024C8B4 /* TwitterStatusViewController.m */ = {isa = PBXFileReference; fileEncoding = 4; lastKnownFileType = sourcecode.c.objc; path = TwitterStatusViewController.m; sourceTree = "<group>"; };
		E9BFD6120D1854270024C8B4 /* TwitterStatusViewNameField.m */ = {isa = PBXFileReference; fileEncoding = 4; lastKnownFileType = sourcecode.c.objc; path = TwitterStatusViewNameField.m; sourceTree = "<group>"; };
		E9BFD61C0D1857320024C8B4 /* TwitterStatusViewImageView.h */ = {isa = PBXFileReference; fileEncoding = 4; lastKnownFileType = sourcecode.c.h; path = TwitterStatusViewImageView.h; sourceTree = "<group>"; };
		E9BFD61D0D1857320024C8B4 /* TwitterStatusViewImageView.m */ = {isa = PBXFileReference; fileEncoding = 4; lastKnownFileType = sourcecode.c.objc; path = TwitterStatusViewImageView.m; sourceTree = "<group>"; };
		E9CE391D0D145DB700D14D9F /* NTLNMessageTableViewController.h */ = {isa = PBXFileReference; fileEncoding = 4; lastKnownFileType = sourcecode.c.h; path = NTLNMessageTableViewController.h; sourceTree = "<group>"; };
		E9CE391E0D145DB700D14D9F /* NTLNMessageTableViewController.m */ = {isa = PBXFileReference; fileEncoding = 4; lastKnownFileType = sourcecode.c.objc; path = NTLNMessageTableViewController.m; sourceTree = "<group>"; };
		E9D23B700D8EF5BD006191EE /* English */ = {isa = PBXFileReference; fileEncoding = 4; lastKnownFileType = text.plist.strings; name = English; path = English.lproj/Localizable.strings; sourceTree = "<group>"; };
		E9D23B720D8EF5D6006191EE /* Japanese */ = {isa = PBXFileReference; lastKnownFileType = text.plist.strings; name = Japanese; path = Japanese.lproj/Localizable.strings; sourceTree = "<group>"; };
		E9D5B1DA0D56335F0000456F /* NTLNMessageViewTextField.h */ = {isa = PBXFileReference; fileEncoding = 4; lastKnownFileType = sourcecode.c.h; path = NTLNMessageViewTextField.h; sourceTree = "<group>"; };
		E9D5B1EA0D5633CB0000456F /* NTLNMessageViewController.m */ = {isa = PBXFileReference; fileEncoding = 4; lastKnownFileType = sourcecode.c.objc; name = NTLNMessageViewController.m; path = src/NTLNMessageViewController.m; sourceTree = SOURCE_ROOT; };
		E9DC0FD00D3D226A00CC6D41 /* TwitterTestStub.h */ = {isa = PBXFileReference; fileEncoding = 4; lastKnownFileType = sourcecode.c.h; path = TwitterTestStub.h; sourceTree = "<group>"; };
		E9DC0FD10D3D226A00CC6D41 /* TwitterTestStub.m */ = {isa = PBXFileReference; fileEncoding = 4; lastKnownFileType = sourcecode.c.objc; path = TwitterTestStub.m; sourceTree = "<group>"; };
		E9E2ACDE0D22EB21008561C2 /* TwitterStatusView.h */ = {isa = PBXFileReference; fileEncoding = 4; lastKnownFileType = sourcecode.c.h; path = TwitterStatusView.h; sourceTree = "<group>"; };
		E9E2ACDF0D22EB21008561C2 /* TwitterStatusView.m */ = {isa = PBXFileReference; fileEncoding = 4; lastKnownFileType = sourcecode.c.objc; path = TwitterStatusView.m; sourceTree = "<group>"; };
		E9E5BF9D0D28988800F34B9B /* NTLNXMLHTTPEncoder.h */ = {isa = PBXFileReference; fileEncoding = 4; lastKnownFileType = sourcecode.c.h; path = NTLNXMLHTTPEncoder.h; sourceTree = "<group>"; };
		E9E5BF9E0D28988800F34B9B /* NTLNXMLHTTPEncoder.m */ = {isa = PBXFileReference; fileEncoding = 4; lastKnownFileType = sourcecode.c.objc; path = NTLNXMLHTTPEncoder.m; sourceTree = "<group>"; };
		E9E5BFA00D2898D200F34B9B /* NTLNXMLHTTPEncoderTest.h */ = {isa = PBXFileReference; fileEncoding = 4; lastKnownFileType = sourcecode.c.h; path = NTLNXMLHTTPEncoderTest.h; sourceTree = "<group>"; };
		E9E5BFA10D2898D200F34B9B /* NTLNXMLHTTPEncoderTest.m */ = {isa = PBXFileReference; fileEncoding = 4; lastKnownFileType = sourcecode.c.objc; path = NTLNXMLHTTPEncoderTest.m; sourceTree = "<group>"; };
		E9E5C0910D28BCBB00F34B9B /* TwitterUtils.h */ = {isa = PBXFileReference; fileEncoding = 4; lastKnownFileType = sourcecode.c.h; path = TwitterUtils.h; sourceTree = "<group>"; };
		E9E5C0920D28BCBB00F34B9B /* TwitterUtils.m */ = {isa = PBXFileReference; fileEncoding = 4; lastKnownFileType = sourcecode.c.objc; path = TwitterUtils.m; sourceTree = "<group>"; };
		E9F1DB3C0D13CF000072CE81 /* English */ = {isa = PBXFileReference; lastKnownFileType = wrapper.nib; name = English; path = English.lproj/MainMenu.nib; sourceTree = "<group>"; };
		E9F1DB470D13EE910072CE81 /* TwitterStatusView.nib */ = {isa = PBXFileReference; lastKnownFileType = wrapper.nib; path = TwitterStatusView.nib; sourceTree = "<group>"; };
		E9F960910D25D03A007829C4 /* NTLNMessageInputTextField.h */ = {isa = PBXFileReference; fileEncoding = 4; lastKnownFileType = sourcecode.c.h; path = NTLNMessageInputTextField.h; sourceTree = "<group>"; };
		E9F960920D25D03A007829C4 /* NTLNMessageInputTextField.m */ = {isa = PBXFileReference; fileEncoding = 4; lastKnownFileType = sourcecode.c.objc; path = NTLNMessageInputTextField.m; sourceTree = "<group>"; };
		E9FE91650D81527C0012136E /* NTLNBufferedMessageNotifier.h */ = {isa = PBXFileReference; fileEncoding = 4; lastKnownFileType = sourcecode.c.h; path = NTLNBufferedMessageNotifier.h; sourceTree = "<group>"; };
		E9FE91660D81527C0012136E /* NTLNBufferedMessageNotifier.m */ = {isa = PBXFileReference; fileEncoding = 4; lastKnownFileType = sourcecode.c.objc; path = NTLNBufferedMessageNotifier.m; sourceTree = "<group>"; };
/* End PBXFileReference section */

/* Begin PBXFrameworksBuildPhase section */
		8D11072E0486CEB800E47090 /* Frameworks */ = {
			isa = PBXFrameworksBuildPhase;
			buildActionMask = 2147483647;
			files = (
				8D11072F0486CEB800E47090 /* Cocoa.framework in Frameworks */,
				E96C36210D2A6EA300CED33F /* Security.framework in Frameworks */,
				E9B832D50D58D67F000F6E1C /* Growl.framework in Frameworks */,
				E9B832D90D58D688000F6E1C /* Sparkle.framework in Frameworks */,
			);
			runOnlyForDeploymentPostprocessing = 0;
		};
		E9614CE40D27BCBB009743CE /* Frameworks */ = {
			isa = PBXFrameworksBuildPhase;
			buildActionMask = 2147483647;
			files = (
			);
			runOnlyForDeploymentPostprocessing = 0;
		};
/* End PBXFrameworksBuildPhase section */

/* Begin PBXGroup section */
		080E96DDFE201D6D7F000001 /* src */ = {
			isa = PBXGroup;
			children = (
				E920C36B0D6A1ACC00A813EB /* CT */,
				E9614CDE0D27BC65009743CE /* util */,
				E991C66D0D2AE62300F410B6 /* view */,
				E91B3DBA0D13F893007C9762 /* Twitter */,
				E9160BC60D11F4F500C9EEFF /* NTLNIconRepository.h */,
				E9160BC70D11F4F500C9EEFF /* NTLNIconRepository.m */,
				E9A411270D29904F003BFA9F /* NTLNAppController.h */,
				E9A411280D29904F003BFA9F /* NTLNAppController.m */,
				E9160B750D11B1B700C9EEFF /* NTLNAsyncUrlConnection.h */,
				E9160B760D11B1B700C9EEFF /* NTLNAsyncUrlConnection.m */,
				E97DF2AC0D5F5233002AA043 /* NTLNMultiTasksProgressIndicator.h */,
				E97DF2AD0D5F5233002AA043 /* NTLNMultiTasksProgressIndicator.m */,
				E98B093A0D2172B90002A75E /* NTLNGrowlNotifier.h */,
				E98B093B0D2172B90002A75E /* NTLNGrowlNotifier.m */,
				E900C14D0D5EAB160071837C /* NTLNMessageListViewsController.h */,
				E900C14E0D5EAB160071837C /* NTLNMessageListViewsController.m */,
				E99408050DEF43FD0009A365 /* NTLNSegmentedCell.h */,
				E99408060DEF43FD0009A365 /* NTLNSegmentedCell.m */,
				E91B3DAB0D13F3B5007C9762 /* NTLNMainWindowController.h */,
				E91B3DAC0D13F3B5007C9762 /* NTLNMainWindowController.m */,
				E91B3DB40D13F593007C9762 /* NTLNCustomViewCell.h */,
				E91B3DB50D13F593007C9762 /* NTLNCustomViewCell.m */,
				E9CE391D0D145DB700D14D9F /* NTLNMessageTableViewController.h */,
				E9CE391E0D145DB700D14D9F /* NTLNMessageTableViewController.m */,
				E96C36AB0D2A8C3700CED33F /* NTLNWelcomeWindowController.h */,
				E96C36AC0D2A8C3700CED33F /* NTLNWelcomeWindowController.m */,
				E915200D0D16D3B7008D6992 /* NTLNPreferencesWindowController.h */,
				E915200E0D16D3B7008D6992 /* NTLNPreferencesWindowController.m */,
				E99632690D1E5D2400860515 /* NTLNMessage.h */,
				E996326A0D1E5D2400860515 /* NTLNMessage.m */,
				E94CC0CF0DD8C8B100D8711D /* NTLNKeywordFilterView.h */,
				E94CC0D00DD8C8B100D8711D /* NTLNKeywordFilterView.m */,
				E916EED90D95381A00EA04C7 /* NTLNUser.h */,
				E916EEDA0D95381A00EA04C7 /* NTLNUser.m */,
				E9F960910D25D03A007829C4 /* NTLNMessageInputTextField.h */,
				E9F960920D25D03A007829C4 /* NTLNMessageInputTextField.m */,
				E96C362A0D2A71BA00CED33F /* NTLNKeyChain.h */,
				E96C362B0D2A71BA00CED33F /* NTLNKeyChain.m */,
				E96C36910D2A83E300CED33F /* NTLNAccount.h */,
				E96C36920D2A83E300CED33F /* NTLNAccount.m */,
				E90F0B3E0D2E8E190067A9CA /* NTLNConfiguration.h */,
				E90F0B3F0D2E8E190067A9CA /* NTLNConfiguration.m */,
				E95D34F90D2F3F6700EA6958 /* NTLNColors.h */,
				E95D34FA0D2F3F6700EA6958 /* NTLNColors.m */,
				E98B18610D75A076000F0FED /* NTLNNotification.h */,
				E9FE91650D81527C0012136E /* NTLNBufferedMessageNotifier.h */,
				E9FE91660D81527C0012136E /* NTLNBufferedMessageNotifier.m */,
				E97615290D9FDE10007893CC /* Crypto.h */,
				E976152A0D9FDE10007893CC /* Crypto.m */,
			);
			path = src;
			sourceTree = "<group>";
		};
		1058C7A0FEA54F0111CA2CBB /* Linked Frameworks */ = {
			isa = PBXGroup;
			children = (
				E9B832D80D58D688000F6E1C /* Sparkle.framework */,
				E9B832D40D58D67F000F6E1C /* Growl.framework */,
				1058C7A1FEA54F0111CA2CBB /* Cocoa.framework */,
			);
			name = "Linked Frameworks";
			sourceTree = "<group>";
		};
		1058C7A2FEA54F0111CA2CBB /* Other Frameworks */ = {
			isa = PBXGroup;
			children = (
				E96C36200D2A6EA300CED33F /* Security.framework */,
				29B97324FDCFA39411CA2CEA /* AppKit.framework */,
				13E42FB307B3F0F600E4EEF1 /* CoreData.framework */,
				29B97325FDCFA39411CA2CEA /* Foundation.framework */,
			);
			name = "Other Frameworks";
			sourceTree = "<group>";
		};
		19C28FACFE9D520D11CA2CBB /* Products */ = {
			isa = PBXGroup;
			children = (
				8D1107320486CEB800E47090 /* NatsuLion.app */,
				E9614CE70D27BCBB009743CE /* Test.octest */,
			);
			name = Products;
			sourceTree = "<group>";
		};
		29B97314FDCFA39411CA2CEA /* NatsuLion */ = {
			isa = PBXGroup;
			children = (
				E9614CDA0D27BAAD009743CE /* test */,
				080E96DDFE201D6D7F000001 /* src */,
				29B97315FDCFA39411CA2CEA /* NatsuLion */,
				29B97317FDCFA39411CA2CEA /* Resources */,
				29B97323FDCFA39411CA2CEA /* Frameworks */,
				19C28FACFE9D520D11CA2CBB /* Products */,
				E9614CE80D27BCBB009743CE /* Test-Info.plist */,
			);
			name = NatsuLion;
			sourceTree = "<group>";
		};
		29B97315FDCFA39411CA2CEA /* NatsuLion */ = {
			isa = PBXGroup;
			children = (
				32CA4F630368D1EE00C91783 /* NatsuLion_Prefix.pch */,
				29B97316FDCFA39411CA2CEA /* main.m */,
			);
			name = NatsuLion;
			sourceTree = "<group>";
		};
		29B97317FDCFA39411CA2CEA /* Resources */ = {
			isa = PBXGroup;
			children = (
				E916EF7B0D96AE8600EA04C7 /* NatsuLion.icns */,
				E9D23B6F0D8EF5BD006191EE /* Localizable.strings */,
				E9A8A7360D79328D008567CC /* images */,
				E99332F10D8FF1A900CDE7C4 /* MainMenu.nib.strings */,
				E991C5C30D2AA88E00F410B6 /* UserDefaults.plist */,
				8D1107310486CEB800E47090 /* Info.plist */,
				089C165CFE840E0CC02AAC07 /* InfoPlist.strings */,
				E9BFD5950D183E630024C8B4 /* MainMenu.nib */,
				E9F1DB470D13EE910072CE81 /* TwitterStatusView.nib */,
				E993333A0D901CA600CDE7C4 /* Welcome.nib */,
				E991C6660D2AC8DF00F410B6 /* ErrorMessageView.nib */,
				E9B832F50D58E830000F6E1C /* MessageTableView.nib */,
			);
			name = Resources;
			sourceTree = "<group>";
		};
		29B97323FDCFA39411CA2CEA /* Frameworks */ = {
			isa = PBXGroup;
			children = (
				1058C7A0FEA54F0111CA2CBB /* Linked Frameworks */,
				1058C7A2FEA54F0111CA2CBB /* Other Frameworks */,
			);
			name = Frameworks;
			sourceTree = "<group>";
		};
		E91B3DBA0D13F893007C9762 /* Twitter */ = {
			isa = PBXGroup;
			children = (
				E9160BBC0D11D2EB00C9EEFF /* Twitter.h */,
				E9160BBD0D11D2EB00C9EEFF /* Twitter.m */,
				E9DC0FD00D3D226A00CC6D41 /* TwitterTestStub.h */,
				E9DC0FD10D3D226A00CC6D41 /* TwitterTestStub.m */,
				E9BFD5E00D1852F50024C8B4 /* TwitterStatusViewController.h */,
				E9BFD5E10D1852F50024C8B4 /* TwitterStatusViewController.m */,
				E9BFD61C0D1857320024C8B4 /* TwitterStatusViewImageView.h */,
				E9BFD61D0D1857320024C8B4 /* TwitterStatusViewImageView.m */,
				E9E2ACDE0D22EB21008561C2 /* TwitterStatusView.h */,
				E9E2ACDF0D22EB21008561C2 /* TwitterStatusView.m */,
				E93F7BE60D27DC6B00366600 /* TwitterStatusViewMessageField.h */,
				E93F7BE70D27DC6B00366600 /* TwitterStatusViewMessageField.m */,
				E991C6B70D2AE79D00F410B6 /* TwitterStatusViewNameField.h */,
				E9BFD6120D1854270024C8B4 /* TwitterStatusViewNameField.m */,
				E93467110D32EDB800F779CB /* TwitterStatusViewTimestampField.h */,
				E93467120D32EDB800F779CB /* TwitterStatusViewTimestampField.m */,
				E9E5C0910D28BCBB00F34B9B /* TwitterUtils.h */,
				E9E5C0920D28BCBB00F34B9B /* TwitterUtils.m */,
			);
			path = Twitter;
			sourceTree = "<group>";
		};
		E920C36B0D6A1ACC00A813EB /* CT */ = {
			isa = PBXGroup;
			children = (
				E94B13CD0D6AA6C700F80617 /* CTGradient.h */,
				E94B13CE0D6AA6C700F80617 /* CTGradient.m */,
				E920C36C0D6A1ACC00A813EB /* CTBadge.h */,
				E920C36D0D6A1ACC00A813EB /* CTBadge.m */,
			);
			path = CT;
			sourceTree = "<group>";
		};
		E9614CDA0D27BAAD009743CE /* test */ = {
			isa = PBXGroup;
			children = (
				E9614CDB0D27BADC009743CE /* NTLNURLUtilsTest.h */,
				E9614CDC0D27BADC009743CE /* NTLNURLUtilsTest.m */,
				E9E5BFA00D2898D200F34B9B /* NTLNXMLHTTPEncoderTest.h */,
				E9E5BFA10D2898D200F34B9B /* NTLNXMLHTTPEncoderTest.m */,
			);
			path = test;
			sourceTree = "<group>";
		};
		E9614CDE0D27BC65009743CE /* util */ = {
			isa = PBXGroup;
			children = (
				E98113C90D563B8A001E390C /* NTLNURLUtils.h */,
				E9614CE00D27BC75009743CE /* NTLNURLUtils.m */,
				E9E5BF9D0D28988800F34B9B /* NTLNXMLHTTPEncoder.h */,
				E9E5BF9E0D28988800F34B9B /* NTLNXMLHTTPEncoder.m */,
				E93467010D32DF6400F779CB /* NTLNUIUtils.h */,
				E93467020D32DF6400F779CB /* NTLNUIUtils.m */,
			);
			path = util;
			sourceTree = "<group>";
		};
		E991C66D0D2AE62300F410B6 /* view */ = {
			isa = PBXGroup;
			children = (
				E991C66A0D2AE41100F410B6 /* NTLNMessageViewController.h */,
				E9D5B1EA0D5633CB0000456F /* NTLNMessageViewController.m */,
				E991C6630D2AC7FC00F410B6 /* NTLNErrorMessageViewController.h */,
				E991C6640D2AC7FC00F410B6 /* NTLNErrorMessageViewController.m */,
				E9D5B1DA0D56335F0000456F /* NTLNMessageViewTextField.h */,
				E991C6B90D2AE7AE00F410B6 /* NTLNMessageViewTextField.m */,
				E93467140D32EE7D00F779CB /* NTLNMessageViewClickableTextField.h */,
				E93467150D32EE7D00F779CB /* NTLNMessageViewClickableTextField.m */,
				E991C6BB0D2AE9A300F410B6 /* NTLNMessageViewTimestampField.h */,
				E991C6BC0D2AE9A300F410B6 /* NTLNMessageViewTimestampField.m */,
			);
			path = view;
			sourceTree = "<group>";
		};
		E9A8A7360D79328D008567CC /* images */ = {
			isa = PBXGroup;
			children = (
				E99408280DEF456A0009A365 /* friends-highlighted.tiff */,
				E994082B0DEF456A0009A365 /* sent-highlighted.tiff */,
				E994082C0DEF456A0009A365 /* replies-highlighted.tiff */,
				E994082D0DEF456A0009A365 /* unread-highlighted.tiff */,
				E90B0F330DE1A4B9008CC765 /* sent.tiff */,
				E99408600DEF4BA50009A365 /* replies.tiff */,
				E90B0F340DE1A4B9008CC765 /* unread.tiff */,
				E90B0F300DE1A4A4008CC765 /* friends.tiff */,
				E9A8A7370D79328D008567CC /* badges */,
				E9A8A73C0D79328D008567CC /* new-dark.tiff */,
				E9A8A73D0D79328D008567CC /* new-light.tiff */,
				E9A8A74D0D793478008567CC /* star-normal.tiff */,
				E9A8A74E0D793478008567CC /* star-highlighted.tiff */,
			);
			name = images;
			path = Resources/images;
			sourceTree = "<group>";
		};
		E9A8A7370D79328D008567CC /* badges */ = {
			isa = PBXGroup;
			children = (
				E9A8A7380D79328D008567CC /* CTBadge_1.pdf */,
				E9A8A7390D79328D008567CC /* CTBadge_3.pdf */,
				E9A8A73A0D79328D008567CC /* CTBadge_4.pdf */,
				E9A8A73B0D79328D008567CC /* CTBadge_5.pdf */,
			);
			path = badges;
			sourceTree = "<group>";
		};
/* End PBXGroup section */

/* Begin PBXNativeTarget section */
		8D1107260486CEB800E47090 /* NatsuLion */ = {
			isa = PBXNativeTarget;
			buildConfigurationList = C01FCF4A08A954540054247B /* Build configuration list for PBXNativeTarget "NatsuLion" */;
			buildPhases = (
				8D1107290486CEB800E47090 /* Resources */,
				8D11072C0486CEB800E47090 /* Sources */,
				8D11072E0486CEB800E47090 /* Frameworks */,
				E922CD480D2158D800F3D411 /* CopyFiles */,
				E9F961720D262301007829C4 /* CopyFiles */,
			);
			buildRules = (
			);
			dependencies = (
			);
			name = NatsuLion;
			productInstallPath = "$(HOME)/Applications";
			productName = NatsuLion;
			productReference = 8D1107320486CEB800E47090 /* NatsuLion.app */;
			productType = "com.apple.product-type.application";
		};
		E9614CE60D27BCBB009743CE /* Test */ = {
			isa = PBXNativeTarget;
			buildConfigurationList = E9614CEB0D27BCBC009743CE /* Build configuration list for PBXNativeTarget "Test" */;
			buildPhases = (
				E9614CE20D27BCBB009743CE /* Resources */,
				E9614CE30D27BCBB009743CE /* Sources */,
				E9614CE40D27BCBB009743CE /* Frameworks */,
				E9614CE50D27BCBB009743CE /* ShellScript */,
			);
			buildRules = (
			);
			dependencies = (
			);
			name = Test;
			productName = Test;
			productReference = E9614CE70D27BCBB009743CE /* Test.octest */;
			productType = "com.apple.product-type.bundle";
		};
/* End PBXNativeTarget section */

/* Begin PBXProject section */
		29B97313FDCFA39411CA2CEA /* Project object */ = {
			isa = PBXProject;
			buildConfigurationList = C01FCF4E08A954540054247B /* Build configuration list for PBXProject "NatsuLion" */;
			compatibilityVersion = "Xcode 3.0";
			hasScannedForEncodings = 1;
			mainGroup = 29B97314FDCFA39411CA2CEA /* NatsuLion */;
			projectDirPath = "";
			projectRoot = "";
			targets = (
				8D1107260486CEB800E47090 /* NatsuLion */,
				E9614CE60D27BCBB009743CE /* Test */,
			);
		};
/* End PBXProject section */

/* Begin PBXResourcesBuildPhase section */
		8D1107290486CEB800E47090 /* Resources */ = {
			isa = PBXResourcesBuildPhase;
			buildActionMask = 2147483647;
			files = (
				8D11072B0486CEB800E47090 /* InfoPlist.strings in Resources */,
				E9BFD5960D183E630024C8B4 /* MainMenu.nib in Resources */,
				E9F1DB480D13EE910072CE81 /* TwitterStatusView.nib in Resources */,
				E993333B0D901CA600CDE7C4 /* Welcome.nib in Resources */,
				E991C5C40D2AA88E00F410B6 /* UserDefaults.plist in Resources */,
				E991C6670D2AC8DF00F410B6 /* ErrorMessageView.nib in Resources */,
				E9B832F60D58E830000F6E1C /* MessageTableView.nib in Resources */,
				E9A8A7400D79328E008567CC /* CTBadge_1.pdf in Resources */,
				E9A8A7410D79328E008567CC /* CTBadge_3.pdf in Resources */,
				E9A8A7420D79328E008567CC /* CTBadge_4.pdf in Resources */,
				E9A8A7430D79328E008567CC /* CTBadge_5.pdf in Resources */,
				E9A8A7440D79328E008567CC /* new-dark.tiff in Resources */,
				E9A8A7450D79328E008567CC /* new-light.tiff in Resources */,
				E9A8A74F0D793478008567CC /* star-normal.tiff in Resources */,
				E9A8A7500D793478008567CC /* star-highlighted.tiff in Resources */,
				E9D23B710D8EF5BD006191EE /* Localizable.strings in Resources */,
				E99332F30D8FF1A900CDE7C4 /* MainMenu.nib.strings in Resources */,
				E916EF7C0D96AE8600EA04C7 /* NatsuLion.icns in Resources */,
				E90B0F310DE1A4A4008CC765 /* friends.tiff in Resources */,
				E90B0F360DE1A4B9008CC765 /* sent.tiff in Resources */,
				E90B0F370DE1A4B9008CC765 /* unread.tiff in Resources */,
				E99408300DEF456A0009A365 /* friends-highlighted.tiff in Resources */,
				E99408330DEF456A0009A365 /* sent-highlighted.tiff in Resources */,
				E99408340DEF456A0009A365 /* replies-highlighted.tiff in Resources */,
				E99408350DEF456A0009A365 /* unread-highlighted.tiff in Resources */,
				E99408610DEF4BA50009A365 /* replies.tiff in Resources */,
			);
			runOnlyForDeploymentPostprocessing = 0;
		};
		E9614CE20D27BCBB009743CE /* Resources */ = {
			isa = PBXResourcesBuildPhase;
			buildActionMask = 2147483647;
			files = (
			);
			runOnlyForDeploymentPostprocessing = 0;
		};
/* End PBXResourcesBuildPhase section */

/* Begin PBXShellScriptBuildPhase section */
		E9614CE50D27BCBB009743CE /* ShellScript */ = {
			isa = PBXShellScriptBuildPhase;
			buildActionMask = 2147483647;
			files = (
			);
			inputPaths = (
			);
			outputPaths = (
			);
			runOnlyForDeploymentPostprocessing = 0;
			shellPath = /bin/sh;
			shellScript = "# Run the unit tests in this test bundle.\n\"${SYSTEM_DEVELOPER_DIR}/Tools/RunUnitTests\"\n";
		};
/* End PBXShellScriptBuildPhase section */

/* Begin PBXSourcesBuildPhase section */
		8D11072C0486CEB800E47090 /* Sources */ = {
			isa = PBXSourcesBuildPhase;
			buildActionMask = 2147483647;
			files = (
				8D11072D0486CEB800E47090 /* main.m in Sources */,
				E9160B770D11B1B700C9EEFF /* NTLNAsyncUrlConnection.m in Sources */,
				E9160BBE0D11D2EB00C9EEFF /* Twitter.m in Sources */,
				E9160BC80D11F4F500C9EEFF /* NTLNIconRepository.m in Sources */,
				E91B3DAD0D13F3B5007C9762 /* NTLNMainWindowController.m in Sources */,
				E91B3DB60D13F593007C9762 /* NTLNCustomViewCell.m in Sources */,
				E9CE391F0D145DB700D14D9F /* NTLNMessageTableViewController.m in Sources */,
				E915200F0D16D3B7008D6992 /* NTLNPreferencesWindowController.m in Sources */,
				E9BFD5E20D1852F50024C8B4 /* TwitterStatusViewController.m in Sources */,
				E9BFD6130D1854270024C8B4 /* TwitterStatusViewNameField.m in Sources */,
				E9BFD61E0D1857320024C8B4 /* TwitterStatusViewImageView.m in Sources */,
				E996326B0D1E5D2400860515 /* NTLNMessage.m in Sources */,
				E98B093C0D2172B90002A75E /* NTLNGrowlNotifier.m in Sources */,
				E9E2ACE00D22EB21008561C2 /* TwitterStatusView.m in Sources */,
				E9F960930D25D03A007829C4 /* NTLNMessageInputTextField.m in Sources */,
				E9614CE10D27BC75009743CE /* NTLNURLUtils.m in Sources */,
				E93F7BE80D27DC6B00366600 /* TwitterStatusViewMessageField.m in Sources */,
				E9E5BF9F0D28988800F34B9B /* NTLNXMLHTTPEncoder.m in Sources */,
				E9E5C0930D28BCBB00F34B9B /* TwitterUtils.m in Sources */,
				E9A411290D29904F003BFA9F /* NTLNAppController.m in Sources */,
				E96C362C0D2A71BA00CED33F /* NTLNKeyChain.m in Sources */,
				E96C36930D2A83E300CED33F /* NTLNAccount.m in Sources */,
				E96C36AD0D2A8C3700CED33F /* NTLNWelcomeWindowController.m in Sources */,
				E991C6650D2AC7FC00F410B6 /* NTLNErrorMessageViewController.m in Sources */,
				E991C6BA0D2AE7AE00F410B6 /* NTLNMessageViewTextField.m in Sources */,
				E991C6BD0D2AE9A300F410B6 /* NTLNMessageViewTimestampField.m in Sources */,
				E90F0B400D2E8E190067A9CA /* NTLNConfiguration.m in Sources */,
				E95D34FB0D2F3F6700EA6958 /* NTLNColors.m in Sources */,
				E93467030D32DF6400F779CB /* NTLNUIUtils.m in Sources */,
				E93467130D32EDB800F779CB /* TwitterStatusViewTimestampField.m in Sources */,
				E93467160D32EE7D00F779CB /* NTLNMessageViewClickableTextField.m in Sources */,
				E9DC0FD20D3D226A00CC6D41 /* TwitterTestStub.m in Sources */,
				E9D5B1EB0D5633CB0000456F /* NTLNMessageViewController.m in Sources */,
				E900C14F0D5EAB160071837C /* NTLNMessageListViewsController.m in Sources */,
				E97DF2AE0D5F5233002AA043 /* NTLNMultiTasksProgressIndicator.m in Sources */,
				E920C36E0D6A1ACC00A813EB /* CTBadge.m in Sources */,
				E94B13CF0D6AA6C700F80617 /* CTGradient.m in Sources */,
				E9FE91670D81527C0012136E /* NTLNBufferedMessageNotifier.m in Sources */,
				E916EEDB0D95381A00EA04C7 /* NTLNUser.m in Sources */,
				E976152B0D9FDE10007893CC /* Crypto.m in Sources */,
				E94CC0D10DD8C8B100D8711D /* NTLNKeywordFilterView.m in Sources */,
				E99408070DEF43FD0009A365 /* NTLNSegmentedCell.m in Sources */,
			);
			runOnlyForDeploymentPostprocessing = 0;
		};
		E9614CE30D27BCBB009743CE /* Sources */ = {
			isa = PBXSourcesBuildPhase;
			buildActionMask = 2147483647;
			files = (
				E9614D130D27BEA4009743CE /* NTLNURLUtils.m in Sources */,
				E9614D140D27BEBA009743CE /* NTLNURLUtilsTest.m in Sources */,
				E9E5BFA20D2898D200F34B9B /* NTLNXMLHTTPEncoderTest.m in Sources */,
				E9E5BFA30D2898F300F34B9B /* NTLNXMLHTTPEncoder.m in Sources */,
			);
			runOnlyForDeploymentPostprocessing = 0;
		};
/* End PBXSourcesBuildPhase section */

/* Begin PBXVariantGroup section */
		089C165CFE840E0CC02AAC07 /* InfoPlist.strings */ = {
			isa = PBXVariantGroup;
			children = (
				089C165DFE840E0CC02AAC07 /* English */,
				E96801F30D2748DB0048A163 /* Japanese */,
			);
			name = InfoPlist.strings;
			sourceTree = "<group>";
		};
		E99332F10D8FF1A900CDE7C4 /* MainMenu.nib.strings */ = {
			isa = PBXVariantGroup;
			children = (
				E99332F20D8FF1A900CDE7C4 /* Japanese */,
			);
			name = MainMenu.nib.strings;
			sourceTree = "<group>";
		};
		E993333A0D901CA600CDE7C4 /* Welcome.nib */ = {
			isa = PBXVariantGroup;
			children = (
				E96C36A80D2A897800CED33F /* English */,
				E99408740DEF4C7A0009A365 /* Japanese */,
			);
			name = Welcome.nib;
			sourceTree = "<group>";
		};
		E9BFD5950D183E630024C8B4 /* MainMenu.nib */ = {
			isa = PBXVariantGroup;
			children = (
				E9F1DB3C0D13CF000072CE81 /* English */,
				E99408640DEF4C760009A365 /* Japanese */,
			);
			name = MainMenu.nib;
			sourceTree = "<group>";
		};
		E9D23B6F0D8EF5BD006191EE /* Localizable.strings */ = {
			isa = PBXVariantGroup;
			children = (
				E9D23B700D8EF5BD006191EE /* English */,
				E9D23B720D8EF5D6006191EE /* Japanese */,
			);
			name = Localizable.strings;
			sourceTree = "<group>";
		};
/* End PBXVariantGroup section */

/* Begin XCBuildConfiguration section */
		C01FCF4B08A954540054247B /* Debug */ = {
			isa = XCBuildConfiguration;
			buildSettings = {
				COPY_PHASE_STRIP = NO;
				FRAMEWORK_SEARCH_PATHS = (
					"$(inherited)",
					"\"$(SRCROOT)\"",
					"\"$(SRCROOT)/frameworks\"",
					"\"$(SRCROOT)/../../../../Library/Frameworks\"",
				);
				GCC_C_LANGUAGE_STANDARD = gnu99;
				GCC_DYNAMIC_NO_PIC = NO;
				GCC_ENABLE_FIX_AND_CONTINUE = YES;
				GCC_MODEL_TUNING = G5;
				GCC_OPTIMIZATION_LEVEL = 0;
				GCC_PRECOMPILE_PREFIX_HEADER = YES;
				GCC_PREFIX_HEADER = NatsuLion_Prefix.pch;
				INFOPLIST_FILE = Info.plist;
				INSTALL_PATH = "$(HOME)/Applications";
				OTHER_LDFLAGS = "-lcrypto";
				PRODUCT_NAME = NatsuLion;
				WRAPPER_EXTENSION = app;
				ZERO_LINK = YES;
			};
			name = Debug;
		};
		C01FCF4C08A954540054247B /* Release */ = {
			isa = XCBuildConfiguration;
			buildSettings = {
				DEBUG_INFORMATION_FORMAT = "dwarf-with-dsym";
				FRAMEWORK_SEARCH_PATHS = (
					"$(inherited)",
					"\"$(SRCROOT)\"",
					"\"$(SRCROOT)/frameworks\"",
					"\"$(SRCROOT)/../../../../Library/Frameworks\"",
				);
				GCC_C_LANGUAGE_STANDARD = gnu99;
				GCC_MODEL_TUNING = G5;
				GCC_PRECOMPILE_PREFIX_HEADER = YES;
				GCC_PREFIX_HEADER = NatsuLion_Prefix.pch;
				INFOPLIST_FILE = Info.plist;
				INSTALL_PATH = "$(HOME)/Applications";
				PRODUCT_NAME = NatsuLion;
				WRAPPER_EXTENSION = app;
			};
			name = Release;
		};
		C01FCF4F08A954540054247B /* Debug */ = {
			isa = XCBuildConfiguration;
			buildSettings = {
				GCC_WARN_ABOUT_RETURN_TYPE = YES;
				GCC_WARN_UNUSED_VARIABLE = YES;
				PREBINDING = NO;
				SDKROOT = "$(DEVELOPER_SDK_DIR)/MacOSX10.5.sdk";
			};
			name = Debug;
		};
		C01FCF5008A954540054247B /* Release */ = {
			isa = XCBuildConfiguration;
			buildSettings = {
				ARCHS = (
					i386,
					ppc,
				);
				GCC_C_LANGUAGE_STANDARD = gnu99;
				GCC_WARN_ABOUT_RETURN_TYPE = YES;
				GCC_WARN_UNUSED_VARIABLE = YES;
				OTHER_CFLAGS = "";
				OTHER_LDFLAGS = "-lcrypto";
				PREBINDING = NO;
				SCAN_ALL_SOURCE_FILES_FOR_INCLUDES = NO;
				SDKROOT = "$(DEVELOPER_SDK_DIR)/MacOSX10.5.sdk";
				STANDARD_C_PLUS_PLUS_LIBRARY_TYPE = dynamic;
				VALID_ARCHS = "ppc ppc64 ppc7400 ppc970 i386 x86_64";
			};
			name = Release;
		};
		E9614CE90D27BCBC009743CE /* Debug */ = {
			isa = XCBuildConfiguration;
			buildSettings = {
				COPY_PHASE_STRIP = NO;
				FRAMEWORK_SEARCH_PATHS = "$(DEVELOPER_LIBRARY_DIR)/Frameworks";
				GCC_DYNAMIC_NO_PIC = NO;
				GCC_ENABLE_FIX_AND_CONTINUE = NO;
				GCC_ENABLE_OBJC_EXCEPTIONS = YES;
				GCC_MODEL_TUNING = G5;
				GCC_OPTIMIZATION_LEVEL = 0;
				GCC_PRECOMPILE_PREFIX_HEADER = YES;
				GCC_PREFIX_HEADER = "$(SYSTEM_LIBRARY_DIR)/Frameworks/Cocoa.framework/Headers/Cocoa.h";
				INFOPLIST_FILE = "Test-Info.plist";
				INSTALL_PATH = "$(USER_LIBRARY_DIR)/Bundles";
				OTHER_LDFLAGS = (
					"-framework",
					Cocoa,
					"-framework",
					SenTestingKit,
				);
				PREBINDING = NO;
				PRODUCT_NAME = Test;
				WRAPPER_EXTENSION = octest;
			};
			name = Debug;
		};
		E9614CEA0D27BCBC009743CE /* Release */ = {
			isa = XCBuildConfiguration;
			buildSettings = {
				COPY_PHASE_STRIP = YES;
				DEBUG_INFORMATION_FORMAT = "dwarf-with-dsym";
				FRAMEWORK_SEARCH_PATHS = "$(DEVELOPER_LIBRARY_DIR)/Frameworks";
				GCC_ENABLE_FIX_AND_CONTINUE = NO;
				GCC_ENABLE_OBJC_EXCEPTIONS = YES;
				GCC_MODEL_TUNING = G5;
				GCC_PRECOMPILE_PREFIX_HEADER = YES;
				GCC_PREFIX_HEADER = "$(SYSTEM_LIBRARY_DIR)/Frameworks/Cocoa.framework/Headers/Cocoa.h";
				INFOPLIST_FILE = "Test-Info.plist";
				INSTALL_PATH = "$(USER_LIBRARY_DIR)/Bundles";
				OTHER_LDFLAGS = (
					"-framework",
					Cocoa,
					"-framework",
					SenTestingKit,
				);
				PREBINDING = NO;
				PRODUCT_NAME = Test;
				WRAPPER_EXTENSION = octest;
				ZERO_LINK = NO;
			};
			name = Release;
		};
/* End XCBuildConfiguration section */

/* Begin XCConfigurationList section */
		C01FCF4A08A954540054247B /* Build configuration list for PBXNativeTarget "NatsuLion" */ = {
			isa = XCConfigurationList;
			buildConfigurations = (
				C01FCF4B08A954540054247B /* Debug */,
				C01FCF4C08A954540054247B /* Release */,
			);
			defaultConfigurationIsVisible = 0;
			defaultConfigurationName = Release;
		};
		C01FCF4E08A954540054247B /* Build configuration list for PBXProject "NatsuLion" */ = {
			isa = XCConfigurationList;
			buildConfigurations = (
				C01FCF4F08A954540054247B /* Debug */,
				C01FCF5008A954540054247B /* Release */,
			);
			defaultConfigurationIsVisible = 0;
			defaultConfigurationName = Release;
		};
		E9614CEB0D27BCBC009743CE /* Build configuration list for PBXNativeTarget "Test" */ = {
			isa = XCConfigurationList;
			buildConfigurations = (
				E9614CE90D27BCBC009743CE /* Debug */,
				E9614CEA0D27BCBC009743CE /* Release */,
			);
			defaultConfigurationIsVisible = 0;
			defaultConfigurationName = Release;
		};
/* End XCConfigurationList section */
	};
	rootObject = 29B97313FDCFA39411CA2CEA /* Project object */;
}
